
Microsoft Visual Studio Solution File, Format Version 12.00
# Visual Studio Version 16
VisualStudioVersion = 16.0.31005.135
MinimumVisualStudioVersion = 10.0.40219.1
Project("{FAE04EC0-301F-11D3-BF4B-00C04F79EFBC}") = "LambdaExpressionAsParameter", "LambdaExpressionAsParameter\LambdaExpressionAsParameter.csproj", "{1E030663-1917-45CE-BA35-E87336C5C389}"
EndProject
Project("{2150E333-8FDC-42A3-9474-1A3956D46DE8}") = "Solution Items", "Solution Items", "{DC35E2BA-7761-4FEE-8203-12B3A906F496}"
	ProjectSection(SolutionItems) = preProject
		ReadMe.txt = ReadMe.txt
	EndProjectSection
EndProject
Global
	GlobalSection(SolutionConfigurationPlatforms) = preSolution
		Debug|Any CPU = Debug|Any CPU
		Release|Any CPU = Release|Any CPU
	EndGlobalSection
	GlobalSection(ProjectConfigurationPlatforms) = postSolution
		{1E030663-1917-45CE-BA35-E87336C5C389}.Debug|Any CPU.ActiveCfg = Debug|Any CPU
		{1E030663-1917-45CE-BA35-E87336C5C389}.Debug|Any CPU.Build.0 = Debug|Any CPU
		{1E030663-1917-45CE-BA35-E87336C5C389}.Release|Any CPU.ActiveCfg = Release|Any CPU
		{1E030663-1917-45CE-BA35-E87336C5C389}.Release|Any CPU.Build.0 = Release|Any CPU
	EndGlobalSection
	GlobalSection(SolutionProperties) = preSolution
		HideSolutionNode = FALSE
	EndGlobalSection
	GlobalSection(ExtensibilityGlobals) = postSolution
		SolutionGuid = {398A444F-F6A2-4806-A23A-175B80BA564D}
	EndGlobalSection
EndGlobal
